// !$*UTF8*$!
{
	archiveVersion = 1;
	classes = {
	};
	objectVersion = 55;
	objects = {

/* Begin PBXBuildFile section */
		401DE35928D50BC4005223FA /* RickAndMortyApp.swift in Sources */ = {isa = PBXBuildFile; fileRef = 401DE35828D50BC4005223FA /* RickAndMortyApp.swift */; };
		401DE35B28D50BC4005223FA /* ContentView.swift in Sources */ = {isa = PBXBuildFile; fileRef = 401DE35A28D50BC4005223FA /* ContentView.swift */; };
		401DE35D28D50BC7005223FA /* Assets.xcassets in Resources */ = {isa = PBXBuildFile; fileRef = 401DE35C28D50BC7005223FA /* Assets.xcassets */; };
		401DE36028D50BC7005223FA /* Preview Assets.xcassets in Resources */ = {isa = PBXBuildFile; fileRef = 401DE35F28D50BC7005223FA /* Preview Assets.xcassets */; };
		401DE36E28D51A7B005223FA /* RickAndMortyAPI.swift in Sources */ = {isa = PBXBuildFile; fileRef = 401DE36D28D51A7B005223FA /* RickAndMortyAPI.swift */; };
		401DE37228D5371C005223FA /* RickAndMortyAPI+.swift in Sources */ = {isa = PBXBuildFile; fileRef = 401DE37128D5371C005223FA /* RickAndMortyAPI+.swift */; };
		401DE37428D538DC005223FA /* RickAndMortyAPI+Error.swift in Sources */ = {isa = PBXBuildFile; fileRef = 401DE37328D538DC005223FA /* RickAndMortyAPI+Error.swift */; };
		401DE37628D53952005223FA /* RickAndMortyAPI+HTTPStatusCode.swift in Sources */ = {isa = PBXBuildFile; fileRef = 401DE37528D53952005223FA /* RickAndMortyAPI+HTTPStatusCode.swift */; };
		401DE37928D56457005223FA /* RickAndMortyAPI+Model.swift in Sources */ = {isa = PBXBuildFile; fileRef = 401DE37828D56457005223FA /* RickAndMortyAPI+Model.swift */; };
		401DE37D28D58018005223FA /* RickAndMortyAPI+Args&Filter.swift in Sources */ = {isa = PBXBuildFile; fileRef = 401DE37C28D58018005223FA /* RickAndMortyAPI+Args&Filter.swift */; };
		401DE39228D5F781005223FA /* RickAndMortyAPITransportTests.swift in Sources */ = {isa = PBXBuildFile; fileRef = 401DE39128D5F781005223FA /* RickAndMortyAPITransportTests.swift */; };
		407A6AEF28D5F94A00E723FD /* Optional+.swift in Sources */ = {isa = PBXBuildFile; fileRef = 407A6AEE28D5F94A00E723FD /* Optional+.swift */; };
		407A6B0B28D60A6500E723FD /* TimeoutTask.swift in Sources */ = {isa = PBXBuildFile; fileRef = 407A6B0A28D60A6500E723FD /* TimeoutTask.swift */; };
		407A6B0D28D628DC00E723FD /* MockURLProtocol.swift in Sources */ = {isa = PBXBuildFile; fileRef = 407A6B0C28D628DC00E723FD /* MockURLProtocol.swift */; };
		407A6B0F28D6423600E723FD /* String+.swift in Sources */ = {isa = PBXBuildFile; fileRef = 407A6B0E28D6423600E723FD /* String+.swift */; };
		407A6B1128D6BCC100E723FD /* RickAndMortyAPITests.swift in Sources */ = {isa = PBXBuildFile; fileRef = 407A6B1028D6BCC100E723FD /* RickAndMortyAPITests.swift */; };
		407A6B2828D7616900E723FD /* RickAndMortyRemoteRepository.swift in Sources */ = {isa = PBXBuildFile; fileRef = 407A6B2728D7616900E723FD /* RickAndMortyRemoteRepository.swift */; };
		407A6B2A28D7625200E723FD /* CharacterFilter.swift in Sources */ = {isa = PBXBuildFile; fileRef = 407A6B2928D7625200E723FD /* CharacterFilter.swift */; };
		407A6B2C28D7649A00E723FD /* RickAndMortyRemoteAPIRepository.swift in Sources */ = {isa = PBXBuildFile; fileRef = 407A6B2B28D7649A00E723FD /* RickAndMortyRemoteAPIRepository.swift */; };
		407A6B3028D766F400E723FD /* RickAndMortyRemoteAPI.swift in Sources */ = {isa = PBXBuildFile; fileRef = 407A6B2F28D766F400E723FD /* RickAndMortyRemoteAPI.swift */; };
		407A6B3228D7678A00E723FD /* CharacterModel.swift in Sources */ = {isa = PBXBuildFile; fileRef = 407A6B3128D7678A00E723FD /* CharacterModel.swift */; };
		407A6B3528D76A7F00E723FD /* RickAndMortyRemoteAPIAdapter.swift in Sources */ = {isa = PBXBuildFile; fileRef = 407A6B3428D76A7F00E723FD /* RickAndMortyRemoteAPIAdapter.swift */; };
		407A6B3728D7731100E723FD /* RepositoryError.swift in Sources */ = {isa = PBXBuildFile; fileRef = 407A6B3628D7731100E723FD /* RepositoryError.swift */; };
		407A6B3928D77CC300E723FD /* RickAndMortyRemoteAPIAdapterTests.swift in Sources */ = {isa = PBXBuildFile; fileRef = 407A6B3828D77CC300E723FD /* RickAndMortyRemoteAPIAdapterTests.swift */; };
		407A6B3B28D78C7F00E723FD /* RickAndMortyRemoteAPIRepositoryTests.swift in Sources */ = {isa = PBXBuildFile; fileRef = 407A6B3A28D78C7E00E723FD /* RickAndMortyRemoteAPIRepositoryTests.swift */; };
		407A6B5728D7A8AB00E723FD /* RickAndMortyAppDependencyContainer.swift in Sources */ = {isa = PBXBuildFile; fileRef = 407A6B5628D7A8AB00E723FD /* RickAndMortyAppDependencyContainer.swift */; };
		407A6B5928D7C20100E723FD /* CharacterListView.swift in Sources */ = {isa = PBXBuildFile; fileRef = 407A6B5828D7C20100E723FD /* CharacterListView.swift */; };
		407A6B5B28D7C2AD00E723FD /* CharacterListViewModel.swift in Sources */ = {isa = PBXBuildFile; fileRef = 407A6B5A28D7C2AD00E723FD /* CharacterListViewModel.swift */; };
		407A6B5D28D7CA4700E723FD /* CharacterCellView.swift in Sources */ = {isa = PBXBuildFile; fileRef = 407A6B5C28D7CA4700E723FD /* CharacterCellView.swift */; };
		407A6B5F28D7CA9000E723FD /* CharacterCellViewModel.swift in Sources */ = {isa = PBXBuildFile; fileRef = 407A6B5E28D7CA9000E723FD /* CharacterCellViewModel.swift */; };
		407A6B6128D7CD1F00E723FD /* CharacterDetailView.swift in Sources */ = {isa = PBXBuildFile; fileRef = 407A6B6028D7CD1F00E723FD /* CharacterDetailView.swift */; };
		407A6B6328D7CD7400E723FD /* CharacterDetailViewModel.swift in Sources */ = {isa = PBXBuildFile; fileRef = 407A6B6228D7CD7400E723FD /* CharacterDetailViewModel.swift */; };
		407A6B6528D81CA800E723FD /* Error+.swift in Sources */ = {isa = PBXBuildFile; fileRef = 407A6B6428D81CA800E723FD /* Error+.swift */; };
		407A6B6728D821CC00E723FD /* ImageCache.swift in Sources */ = {isa = PBXBuildFile; fileRef = 407A6B6628D821CC00E723FD /* ImageCache.swift */; };
		407A6B6928D8368F00E723FD /* UIImage+resizedImage.swift in Sources */ = {isa = PBXBuildFile; fileRef = 407A6B6828D8368F00E723FD /* UIImage+resizedImage.swift */; };
		407A6B8528D8BF9800E723FD /* Const.swift in Sources */ = {isa = PBXBuildFile; fileRef = 407A6B8428D8BF9800E723FD /* Const.swift */; };
		407A6B8728D8CC4E00E723FD /* CharacterListViewModelTests.swift in Sources */ = {isa = PBXBuildFile; fileRef = 407A6B8628D8CC4D00E723FD /* CharacterListViewModelTests.swift */; };
		407A6B8928D8CE0900E723FD /* MockRickAndMortyRemoteAPI.swift in Sources */ = {isa = PBXBuildFile; fileRef = 407A6B8828D8CE0900E723FD /* MockRickAndMortyRemoteAPI.swift */; };
		407A6B8B28D8D38200E723FD /* MockRickAndMortyRemoteRepository.swift in Sources */ = {isa = PBXBuildFile; fileRef = 407A6B8A28D8D38200E723FD /* MockRickAndMortyRemoteRepository.swift */; };
		407A6B8D28D8D99500E723FD /* CharacterCellViewModelTests.swift in Sources */ = {isa = PBXBuildFile; fileRef = 407A6B8C28D8D99500E723FD /* CharacterCellViewModelTests.swift */; };
		407A6B8F28D8DD6700E723FD /* CharacterDetailViewModelTests.swift in Sources */ = {isa = PBXBuildFile; fileRef = 407A6B8E28D8DD6700E723FD /* CharacterDetailViewModelTests.swift */; };
		40E9ECBA28DBDD7200C67EC2 /* RickAndMortyAPI+RemoteAPIEndpoint.swift in Sources */ = {isa = PBXBuildFile; fileRef = 40E9ECB728DBDD7200C67EC2 /* RickAndMortyAPI+RemoteAPIEndpoint.swift */; };
		40E9ECBB28DBDD7200C67EC2 /* RickAndMortyAPI+CharactersRemoteAPIRequest.swift in Sources */ = {isa = PBXBuildFile; fileRef = 40E9ECB828DBDD7200C67EC2 /* RickAndMortyAPI+CharactersRemoteAPIRequest.swift */; };
		40E9ECBC28DBDD7200C67EC2 /* RickAndMortyAPI+RemoteAPIRequest.swift in Sources */ = {isa = PBXBuildFile; fileRef = 40E9ECB928DBDD7200C67EC2 /* RickAndMortyAPI+RemoteAPIRequest.swift */; };
		40E9ECBE28DBE5FE00C67EC2 /* RickAndMortyAPI+AvatarRemoteAPIRequest.swift in Sources */ = {isa = PBXBuildFile; fileRef = 40E9ECBD28DBE5FE00C67EC2 /* RickAndMortyAPI+AvatarRemoteAPIRequest.swift */; };
		40FDA288290CB69C00F6491F /* Result+Throwing.swift in Sources */ = {isa = PBXBuildFile; fileRef = 40FDA287290CB69C00F6491F /* Result+Throwing.swift */; };
		40FDA28A290CB6E200F6491F /* TrackLoadingTrait.swift in Sources */ = {isa = PBXBuildFile; fileRef = 40FDA289290CB6E200F6491F /* TrackLoadingTrait.swift */; };
/* End PBXBuildFile section */

/* Begin PBXContainerItemProxy section */
		401DE39328D5F781005223FA /* PBXContainerItemProxy */ = {
			isa = PBXContainerItemProxy;
			containerPortal = 401DE34D28D50BC4005223FA /* Project object */;
			proxyType = 1;
			remoteGlobalIDString = 401DE35428D50BC4005223FA;
			remoteInfo = RickAndMorty;
		};
/* End PBXContainerItemProxy section */

/* Begin PBXFileReference section */
		401DE35528D50BC4005223FA /* RickAndMorty.app */ = {isa = PBXFileReference; explicitFileType = wrapper.application; includeInIndex = 0; path = RickAndMorty.app; sourceTree = BUILT_PRODUCTS_DIR; };
		401DE35828D50BC4005223FA /* RickAndMortyApp.swift */ = {isa = PBXFileReference; lastKnownFileType = sourcecode.swift; path = RickAndMortyApp.swift; sourceTree = "<group>"; };
		401DE35A28D50BC4005223FA /* ContentView.swift */ = {isa = PBXFileReference; lastKnownFileType = sourcecode.swift; path = ContentView.swift; sourceTree = "<group>"; };
		401DE35C28D50BC7005223FA /* Assets.xcassets */ = {isa = PBXFileReference; lastKnownFileType = folder.assetcatalog; path = Assets.xcassets; sourceTree = "<group>"; };
		401DE35F28D50BC7005223FA /* Preview Assets.xcassets */ = {isa = PBXFileReference; lastKnownFileType = folder.assetcatalog; path = "Preview Assets.xcassets"; sourceTree = "<group>"; };
		401DE36D28D51A7B005223FA /* RickAndMortyAPI.swift */ = {isa = PBXFileReference; lastKnownFileType = sourcecode.swift; path = RickAndMortyAPI.swift; sourceTree = "<group>"; };
		401DE37128D5371C005223FA /* RickAndMortyAPI+.swift */ = {isa = PBXFileReference; lastKnownFileType = sourcecode.swift; path = "RickAndMortyAPI+.swift"; sourceTree = "<group>"; };
		401DE37328D538DC005223FA /* RickAndMortyAPI+Error.swift */ = {isa = PBXFileReference; lastKnownFileType = sourcecode.swift; path = "RickAndMortyAPI+Error.swift"; sourceTree = "<group>"; };
		401DE37528D53952005223FA /* RickAndMortyAPI+HTTPStatusCode.swift */ = {isa = PBXFileReference; lastKnownFileType = sourcecode.swift; path = "RickAndMortyAPI+HTTPStatusCode.swift"; sourceTree = "<group>"; };
		401DE37828D56457005223FA /* RickAndMortyAPI+Model.swift */ = {isa = PBXFileReference; lastKnownFileType = sourcecode.swift; path = "RickAndMortyAPI+Model.swift"; sourceTree = "<group>"; };
		401DE37C28D58018005223FA /* RickAndMortyAPI+Args&Filter.swift */ = {isa = PBXFileReference; lastKnownFileType = sourcecode.swift; path = "RickAndMortyAPI+Args&Filter.swift"; sourceTree = "<group>"; };
		401DE38F28D5F781005223FA /* RickAndMortyTests.xctest */ = {isa = PBXFileReference; explicitFileType = wrapper.cfbundle; includeInIndex = 0; path = RickAndMortyTests.xctest; sourceTree = BUILT_PRODUCTS_DIR; };
		401DE39128D5F781005223FA /* RickAndMortyAPITransportTests.swift */ = {isa = PBXFileReference; lastKnownFileType = sourcecode.swift; path = RickAndMortyAPITransportTests.swift; sourceTree = "<group>"; };
		407A6AEE28D5F94A00E723FD /* Optional+.swift */ = {isa = PBXFileReference; lastKnownFileType = sourcecode.swift; path = "Optional+.swift"; sourceTree = "<group>"; };
		407A6B0A28D60A6500E723FD /* TimeoutTask.swift */ = {isa = PBXFileReference; lastKnownFileType = sourcecode.swift; path = TimeoutTask.swift; sourceTree = "<group>"; };
		407A6B0C28D628DC00E723FD /* MockURLProtocol.swift */ = {isa = PBXFileReference; lastKnownFileType = sourcecode.swift; path = MockURLProtocol.swift; sourceTree = "<group>"; };
		407A6B0E28D6423600E723FD /* String+.swift */ = {isa = PBXFileReference; lastKnownFileType = sourcecode.swift; path = "String+.swift"; sourceTree = "<group>"; };
		407A6B1028D6BCC100E723FD /* RickAndMortyAPITests.swift */ = {isa = PBXFileReference; lastKnownFileType = sourcecode.swift; path = RickAndMortyAPITests.swift; sourceTree = "<group>"; };
		407A6B2728D7616900E723FD /* RickAndMortyRemoteRepository.swift */ = {isa = PBXFileReference; lastKnownFileType = sourcecode.swift; path = RickAndMortyRemoteRepository.swift; sourceTree = "<group>"; };
		407A6B2928D7625200E723FD /* CharacterFilter.swift */ = {isa = PBXFileReference; lastKnownFileType = sourcecode.swift; path = CharacterFilter.swift; sourceTree = "<group>"; };
		407A6B2B28D7649A00E723FD /* RickAndMortyRemoteAPIRepository.swift */ = {isa = PBXFileReference; lastKnownFileType = sourcecode.swift; path = RickAndMortyRemoteAPIRepository.swift; sourceTree = "<group>"; };
		407A6B2F28D766F400E723FD /* RickAndMortyRemoteAPI.swift */ = {isa = PBXFileReference; lastKnownFileType = sourcecode.swift; path = RickAndMortyRemoteAPI.swift; sourceTree = "<group>"; };
		407A6B3128D7678A00E723FD /* CharacterModel.swift */ = {isa = PBXFileReference; lastKnownFileType = sourcecode.swift; path = CharacterModel.swift; sourceTree = "<group>"; };
		407A6B3428D76A7F00E723FD /* RickAndMortyRemoteAPIAdapter.swift */ = {isa = PBXFileReference; lastKnownFileType = sourcecode.swift; path = RickAndMortyRemoteAPIAdapter.swift; sourceTree = "<group>"; };
		407A6B3628D7731100E723FD /* RepositoryError.swift */ = {isa = PBXFileReference; lastKnownFileType = sourcecode.swift; path = RepositoryError.swift; sourceTree = "<group>"; };
		407A6B3828D77CC300E723FD /* RickAndMortyRemoteAPIAdapterTests.swift */ = {isa = PBXFileReference; lastKnownFileType = sourcecode.swift; path = RickAndMortyRemoteAPIAdapterTests.swift; sourceTree = "<group>"; };
		407A6B3A28D78C7E00E723FD /* RickAndMortyRemoteAPIRepositoryTests.swift */ = {isa = PBXFileReference; lastKnownFileType = sourcecode.swift; path = RickAndMortyRemoteAPIRepositoryTests.swift; sourceTree = "<group>"; };
		407A6B5628D7A8AB00E723FD /* RickAndMortyAppDependencyContainer.swift */ = {isa = PBXFileReference; lastKnownFileType = sourcecode.swift; path = RickAndMortyAppDependencyContainer.swift; sourceTree = "<group>"; };
		407A6B5828D7C20100E723FD /* CharacterListView.swift */ = {isa = PBXFileReference; lastKnownFileType = sourcecode.swift; path = CharacterListView.swift; sourceTree = "<group>"; };
		407A6B5A28D7C2AD00E723FD /* CharacterListViewModel.swift */ = {isa = PBXFileReference; lastKnownFileType = sourcecode.swift; path = CharacterListViewModel.swift; sourceTree = "<group>"; };
		407A6B5C28D7CA4700E723FD /* CharacterCellView.swift */ = {isa = PBXFileReference; lastKnownFileType = sourcecode.swift; path = CharacterCellView.swift; sourceTree = "<group>"; };
		407A6B5E28D7CA9000E723FD /* CharacterCellViewModel.swift */ = {isa = PBXFileReference; lastKnownFileType = sourcecode.swift; path = CharacterCellViewModel.swift; sourceTree = "<group>"; };
		407A6B6028D7CD1F00E723FD /* CharacterDetailView.swift */ = {isa = PBXFileReference; lastKnownFileType = sourcecode.swift; path = CharacterDetailView.swift; sourceTree = "<group>"; };
		407A6B6228D7CD7400E723FD /* CharacterDetailViewModel.swift */ = {isa = PBXFileReference; fileEncoding = 4; lastKnownFileType = sourcecode.swift; path = CharacterDetailViewModel.swift; sourceTree = "<group>"; };
		407A6B6428D81CA800E723FD /* Error+.swift */ = {isa = PBXFileReference; lastKnownFileType = sourcecode.swift; path = "Error+.swift"; sourceTree = "<group>"; };
		407A6B6628D821CC00E723FD /* ImageCache.swift */ = {isa = PBXFileReference; lastKnownFileType = sourcecode.swift; path = ImageCache.swift; sourceTree = "<group>"; };
		407A6B6828D8368F00E723FD /* UIImage+resizedImage.swift */ = {isa = PBXFileReference; lastKnownFileType = sourcecode.swift; path = "UIImage+resizedImage.swift"; sourceTree = "<group>"; };
		407A6B8428D8BF9800E723FD /* Const.swift */ = {isa = PBXFileReference; lastKnownFileType = sourcecode.swift; path = Const.swift; sourceTree = "<group>"; };
		407A6B8628D8CC4D00E723FD /* CharacterListViewModelTests.swift */ = {isa = PBXFileReference; lastKnownFileType = sourcecode.swift; path = CharacterListViewModelTests.swift; sourceTree = "<group>"; };
		407A6B8828D8CE0900E723FD /* MockRickAndMortyRemoteAPI.swift */ = {isa = PBXFileReference; lastKnownFileType = sourcecode.swift; path = MockRickAndMortyRemoteAPI.swift; sourceTree = "<group>"; };
		407A6B8A28D8D38200E723FD /* MockRickAndMortyRemoteRepository.swift */ = {isa = PBXFileReference; lastKnownFileType = sourcecode.swift; path = MockRickAndMortyRemoteRepository.swift; sourceTree = "<group>"; };
		407A6B8C28D8D99500E723FD /* CharacterCellViewModelTests.swift */ = {isa = PBXFileReference; lastKnownFileType = sourcecode.swift; path = CharacterCellViewModelTests.swift; sourceTree = "<group>"; };
		407A6B8E28D8DD6700E723FD /* CharacterDetailViewModelTests.swift */ = {isa = PBXFileReference; fileEncoding = 4; lastKnownFileType = sourcecode.swift; path = CharacterDetailViewModelTests.swift; sourceTree = "<group>"; };
		40E9ECB728DBDD7200C67EC2 /* RickAndMortyAPI+RemoteAPIEndpoint.swift */ = {isa = PBXFileReference; fileEncoding = 4; lastKnownFileType = sourcecode.swift; path = "RickAndMortyAPI+RemoteAPIEndpoint.swift"; sourceTree = "<group>"; };
		40E9ECB828DBDD7200C67EC2 /* RickAndMortyAPI+CharactersRemoteAPIRequest.swift */ = {isa = PBXFileReference; fileEncoding = 4; lastKnownFileType = sourcecode.swift; path = "RickAndMortyAPI+CharactersRemoteAPIRequest.swift"; sourceTree = "<group>"; };
		40E9ECB928DBDD7200C67EC2 /* RickAndMortyAPI+RemoteAPIRequest.swift */ = {isa = PBXFileReference; fileEncoding = 4; lastKnownFileType = sourcecode.swift; path = "RickAndMortyAPI+RemoteAPIRequest.swift"; sourceTree = "<group>"; };
		40E9ECBD28DBE5FE00C67EC2 /* RickAndMortyAPI+AvatarRemoteAPIRequest.swift */ = {isa = PBXFileReference; fileEncoding = 4; lastKnownFileType = sourcecode.swift; path = "RickAndMortyAPI+AvatarRemoteAPIRequest.swift"; sourceTree = "<group>"; };
		40FDA287290CB69C00F6491F /* Result+Throwing.swift */ = {isa = PBXFileReference; lastKnownFileType = sourcecode.swift; path = "Result+Throwing.swift"; sourceTree = "<group>"; };
		40FDA289290CB6E200F6491F /* TrackLoadingTrait.swift */ = {isa = PBXFileReference; lastKnownFileType = sourcecode.swift; path = TrackLoadingTrait.swift; sourceTree = "<group>"; };
/* End PBXFileReference section */

/* Begin PBXFrameworksBuildPhase section */
		401DE35228D50BC4005223FA /* Frameworks */ = {
			isa = PBXFrameworksBuildPhase;
			buildActionMask = 2147483647;
			files = (
			);
			runOnlyForDeploymentPostprocessing = 0;
		};
		401DE38C28D5F781005223FA /* Frameworks */ = {
			isa = PBXFrameworksBuildPhase;
			buildActionMask = 2147483647;
			files = (
			);
			runOnlyForDeploymentPostprocessing = 0;
		};
/* End PBXFrameworksBuildPhase section */

/* Begin PBXGroup section */
		401DE34C28D50BC4005223FA = {
			isa = PBXGroup;
			children = (
				401DE35728D50BC4005223FA /* RickAndMorty */,
				401DE39028D5F781005223FA /* RickAndMortyTests */,
				401DE35628D50BC4005223FA /* Products */,
			);
			sourceTree = "<group>";
		};
		401DE35628D50BC4005223FA /* Products */ = {
			isa = PBXGroup;
			children = (
				401DE35528D50BC4005223FA /* RickAndMorty.app */,
				401DE38F28D5F781005223FA /* RickAndMortyTests.xctest */,
			);
			name = Products;
			sourceTree = "<group>";
		};
		401DE35728D50BC4005223FA /* RickAndMorty */ = {
			isa = PBXGroup;
			children = (
				401DE35828D50BC4005223FA /* RickAndMortyApp.swift */,
				407A6B5628D7A8AB00E723FD /* RickAndMortyAppDependencyContainer.swift */,
				407A6B8428D8BF9800E723FD /* Const.swift */,
				401DE36628D50F43005223FA /* Views */,
				401DE36728D50F55005223FA /* ViewModels */,
				401DE36828D50F69005223FA /* Models */,
				401DE36B28D519C5005223FA /* Repositories */,
				401DE36928D50F74005223FA /* Helpers */,
				401DE36A28D50F97005223FA /* Resources */,
			);
			path = RickAndMorty;
			sourceTree = "<group>";
		};
		401DE35E28D50BC7005223FA /* Preview Content */ = {
			isa = PBXGroup;
			children = (
				401DE35F28D50BC7005223FA /* Preview Assets.xcassets */,
			);
			path = "Preview Content";
			sourceTree = "<group>";
		};
		401DE36628D50F43005223FA /* Views */ = {
			isa = PBXGroup;
			children = (
				401DE35A28D50BC4005223FA /* ContentView.swift */,
				407A6B5828D7C20100E723FD /* CharacterListView.swift */,
				407A6B5C28D7CA4700E723FD /* CharacterCellView.swift */,
				407A6B6028D7CD1F00E723FD /* CharacterDetailView.swift */,
			);
			path = Views;
			sourceTree = "<group>";
		};
		401DE36728D50F55005223FA /* ViewModels */ = {
			isa = PBXGroup;
			children = (
				407A6B5A28D7C2AD00E723FD /* CharacterListViewModel.swift */,
				407A6B5E28D7CA9000E723FD /* CharacterCellViewModel.swift */,
				407A6B6228D7CD7400E723FD /* CharacterDetailViewModel.swift */,
			);
			path = ViewModels;
			sourceTree = "<group>";
		};
		401DE36828D50F69005223FA /* Models */ = {
			isa = PBXGroup;
			children = (
				407A6B3128D7678A00E723FD /* CharacterModel.swift */,
			);
			path = Models;
			sourceTree = "<group>";
		};
		401DE36928D50F74005223FA /* Helpers */ = {
			isa = PBXGroup;
			children = (
				407A6AEE28D5F94A00E723FD /* Optional+.swift */,
				407A6B6428D81CA800E723FD /* Error+.swift */,
				407A6B6628D821CC00E723FD /* ImageCache.swift */,
				407A6B6828D8368F00E723FD /* UIImage+resizedImage.swift */,
				40FDA289290CB6E200F6491F /* TrackLoadingTrait.swift */,
				40FDA287290CB69C00F6491F /* Result+Throwing.swift */,
			);
			path = Helpers;
			sourceTree = "<group>";
		};
		401DE36A28D50F97005223FA /* Resources */ = {
			isa = PBXGroup;
			children = (
				401DE35C28D50BC7005223FA /* Assets.xcassets */,
				401DE35E28D50BC7005223FA /* Preview Content */,
			);
			path = Resources;
			sourceTree = "<group>";
		};
		401DE36B28D519C5005223FA /* Repositories */ = {
			isa = PBXGroup;
			children = (
				407A6B3328D769D300E723FD /* Remote */,
				407A6B2B28D7649A00E723FD /* RickAndMortyRemoteAPIRepository.swift */,
				407A6B2728D7616900E723FD /* RickAndMortyRemoteRepository.swift */,
				407A6B2928D7625200E723FD /* CharacterFilter.swift */,
				407A6B3628D7731100E723FD /* RepositoryError.swift */,
			);
			path = Repositories;
			sourceTree = "<group>";
		};
		401DE36C28D51A67005223FA /* API */ = {
			isa = PBXGroup;
			children = (
				401DE36D28D51A7B005223FA /* RickAndMortyAPI.swift */,
				40E9ECB728DBDD7200C67EC2 /* RickAndMortyAPI+RemoteAPIEndpoint.swift */,
				40E9ECB928DBDD7200C67EC2 /* RickAndMortyAPI+RemoteAPIRequest.swift */,
				40E9ECB828DBDD7200C67EC2 /* RickAndMortyAPI+CharactersRemoteAPIRequest.swift */,
				40E9ECBD28DBE5FE00C67EC2 /* RickAndMortyAPI+AvatarRemoteAPIRequest.swift */,
				401DE37828D56457005223FA /* RickAndMortyAPI+Model.swift */,
				401DE37328D538DC005223FA /* RickAndMortyAPI+Error.swift */,
				401DE37528D53952005223FA /* RickAndMortyAPI+HTTPStatusCode.swift */,
				401DE37128D5371C005223FA /* RickAndMortyAPI+.swift */,
				401DE37C28D58018005223FA /* RickAndMortyAPI+Args&Filter.swift */,
			);
			path = API;
			sourceTree = "<group>";
		};
		401DE39028D5F781005223FA /* RickAndMortyTests */ = {
			isa = PBXGroup;
			children = (
				407A6B1028D6BCC100E723FD /* RickAndMortyAPITests.swift */,
				401DE39128D5F781005223FA /* RickAndMortyAPITransportTests.swift */,
				407A6B3828D77CC300E723FD /* RickAndMortyRemoteAPIAdapterTests.swift */,
				407A6B3A28D78C7E00E723FD /* RickAndMortyRemoteAPIRepositoryTests.swift */,
				407A6B8628D8CC4D00E723FD /* CharacterListViewModelTests.swift */,
				407A6B8C28D8D99500E723FD /* CharacterCellViewModelTests.swift */,
				407A6B8E28D8DD6700E723FD /* CharacterDetailViewModelTests.swift */,
				401DE39A28D5F860005223FA /* Helpers */,
			);
			path = RickAndMortyTests;
			sourceTree = "<group>";
		};
		401DE39A28D5F860005223FA /* Helpers */ = {
			isa = PBXGroup;
			children = (
				407A6B0C28D628DC00E723FD /* MockURLProtocol.swift */,
				407A6B8828D8CE0900E723FD /* MockRickAndMortyRemoteAPI.swift */,
				407A6B8A28D8D38200E723FD /* MockRickAndMortyRemoteRepository.swift */,
				407A6B0E28D6423600E723FD /* String+.swift */,
				407A6B0A28D60A6500E723FD /* TimeoutTask.swift */,
			);
			path = Helpers;
			sourceTree = "<group>";
		};
		407A6B3328D769D300E723FD /* Remote */ = {
			isa = PBXGroup;
			children = (
				401DE36C28D51A67005223FA /* API */,
				407A6B2F28D766F400E723FD /* RickAndMortyRemoteAPI.swift */,
				407A6B3428D76A7F00E723FD /* RickAndMortyRemoteAPIAdapter.swift */,
			);
			path = Remote;
			sourceTree = "<group>";
		};
/* End PBXGroup section */

/* Begin PBXNativeTarget section */
		401DE35428D50BC4005223FA /* RickAndMorty */ = {
			isa = PBXNativeTarget;
			buildConfigurationList = 401DE36328D50BC7005223FA /* Build configuration list for PBXNativeTarget "RickAndMorty" */;
			buildPhases = (
				401DE35128D50BC4005223FA /* Sources */,
				401DE35228D50BC4005223FA /* Frameworks */,
				401DE35328D50BC4005223FA /* Resources */,
			);
			buildRules = (
			);
			dependencies = (
			);
			name = RickAndMorty;
			packageProductDependencies = (
			);
			productName = RickAndMorty;
			productReference = 401DE35528D50BC4005223FA /* RickAndMorty.app */;
			productType = "com.apple.product-type.application";
		};
		401DE38E28D5F781005223FA /* RickAndMortyTests */ = {
			isa = PBXNativeTarget;
			buildConfigurationList = 401DE39528D5F781005223FA /* Build configuration list for PBXNativeTarget "RickAndMortyTests" */;
			buildPhases = (
				401DE38B28D5F781005223FA /* Sources */,
				401DE38C28D5F781005223FA /* Frameworks */,
				401DE38D28D5F781005223FA /* Resources */,
			);
			buildRules = (
			);
			dependencies = (
				401DE39428D5F781005223FA /* PBXTargetDependency */,
			);
			name = RickAndMortyTests;
			productName = RickAndMortyTests;
			productReference = 401DE38F28D5F781005223FA /* RickAndMortyTests.xctest */;
			productType = "com.apple.product-type.bundle.unit-test";
		};
/* End PBXNativeTarget section */

/* Begin PBXProject section */
		401DE34D28D50BC4005223FA /* Project object */ = {
			isa = PBXProject;
			attributes = {
				BuildIndependentTargetsInParallel = 1;
				LastSwiftUpdateCheck = 1340;
				LastUpgradeCheck = 1340;
				TargetAttributes = {
					401DE35428D50BC4005223FA = {
						CreatedOnToolsVersion = 13.4.1;
					};
					401DE38E28D5F781005223FA = {
						CreatedOnToolsVersion = 13.4.1;
						TestTargetID = 401DE35428D50BC4005223FA;
					};
				};
			};
			buildConfigurationList = 401DE35028D50BC4005223FA /* Build configuration list for PBXProject "RickAndMorty" */;
			compatibilityVersion = "Xcode 13.0";
			developmentRegion = en;
			hasScannedForEncodings = 0;
			knownRegions = (
				en,
				Base,
			);
			mainGroup = 401DE34C28D50BC4005223FA;
			packageReferences = (
			);
			productRefGroup = 401DE35628D50BC4005223FA /* Products */;
			projectDirPath = "";
			projectRoot = "";
			targets = (
				401DE35428D50BC4005223FA /* RickAndMorty */,
				401DE38E28D5F781005223FA /* RickAndMortyTests */,
			);
		};
/* End PBXProject section */

/* Begin PBXResourcesBuildPhase section */
		401DE35328D50BC4005223FA /* Resources */ = {
			isa = PBXResourcesBuildPhase;
			buildActionMask = 2147483647;
			files = (
				401DE36028D50BC7005223FA /* Preview Assets.xcassets in Resources */,
				401DE35D28D50BC7005223FA /* Assets.xcassets in Resources */,
			);
			runOnlyForDeploymentPostprocessing = 0;
		};
		401DE38D28D5F781005223FA /* Resources */ = {
			isa = PBXResourcesBuildPhase;
			buildActionMask = 2147483647;
			files = (
			);
			runOnlyForDeploymentPostprocessing = 0;
		};
/* End PBXResourcesBuildPhase section */

/* Begin PBXSourcesBuildPhase section */
		401DE35128D50BC4005223FA /* Sources */ = {
			isa = PBXSourcesBuildPhase;
			buildActionMask = 2147483647;
			files = (
				401DE37228D5371C005223FA /* RickAndMortyAPI+.swift in Sources */,
				401DE37428D538DC005223FA /* RickAndMortyAPI+Error.swift in Sources */,
				401DE37628D53952005223FA /* RickAndMortyAPI+HTTPStatusCode.swift in Sources */,
				407A6B3028D766F400E723FD /* RickAndMortyRemoteAPI.swift in Sources */,
				407A6B2A28D7625200E723FD /* CharacterFilter.swift in Sources */,
				40FDA288290CB69C00F6491F /* Result+Throwing.swift in Sources */,
				407A6B5D28D7CA4700E723FD /* CharacterCellView.swift in Sources */,
				407A6B2C28D7649A00E723FD /* RickAndMortyRemoteAPIRepository.swift in Sources */,
				407A6B3228D7678A00E723FD /* CharacterModel.swift in Sources */,
				40E9ECBC28DBDD7200C67EC2 /* RickAndMortyAPI+RemoteAPIRequest.swift in Sources */,
				407A6B3528D76A7F00E723FD /* RickAndMortyRemoteAPIAdapter.swift in Sources */,
				407A6B5B28D7C2AD00E723FD /* CharacterListViewModel.swift in Sources */,
				401DE35B28D50BC4005223FA /* ContentView.swift in Sources */,
				407A6B6528D81CA800E723FD /* Error+.swift in Sources */,
				407A6B2828D7616900E723FD /* RickAndMortyRemoteRepository.swift in Sources */,
				407A6B8528D8BF9800E723FD /* Const.swift in Sources */,
				407A6B6128D7CD1F00E723FD /* CharacterDetailView.swift in Sources */,
				401DE37D28D58018005223FA /* RickAndMortyAPI+Args&Filter.swift in Sources */,
				40E9ECBE28DBE5FE00C67EC2 /* RickAndMortyAPI+AvatarRemoteAPIRequest.swift in Sources */,
				401DE36E28D51A7B005223FA /* RickAndMortyAPI.swift in Sources */,
				407A6B6928D8368F00E723FD /* UIImage+resizedImage.swift in Sources */,
				40E9ECBA28DBDD7200C67EC2 /* RickAndMortyAPI+RemoteAPIEndpoint.swift in Sources */,
				407A6AEF28D5F94A00E723FD /* Optional+.swift in Sources */,
				407A6B5728D7A8AB00E723FD /* RickAndMortyAppDependencyContainer.swift in Sources */,
				401DE35928D50BC4005223FA /* RickAndMortyApp.swift in Sources */,
				407A6B5F28D7CA9000E723FD /* CharacterCellViewModel.swift in Sources */,
				407A6B3728D7731100E723FD /* RepositoryError.swift in Sources */,
				407A6B6328D7CD7400E723FD /* CharacterDetailViewModel.swift in Sources */,
				407A6B6728D821CC00E723FD /* ImageCache.swift in Sources */,
				40E9ECBB28DBDD7200C67EC2 /* RickAndMortyAPI+CharactersRemoteAPIRequest.swift in Sources */,
				407A6B5928D7C20100E723FD /* CharacterListView.swift in Sources */,
				40FDA28A290CB6E200F6491F /* TrackLoadingTrait.swift in Sources */,
				401DE37928D56457005223FA /* RickAndMortyAPI+Model.swift in Sources */,
			);
			runOnlyForDeploymentPostprocessing = 0;
		};
		401DE38B28D5F781005223FA /* Sources */ = {
			isa = PBXSourcesBuildPhase;
			buildActionMask = 2147483647;
			files = (
				407A6B1128D6BCC100E723FD /* RickAndMortyAPITests.swift in Sources */,
				407A6B8F28D8DD6700E723FD /* CharacterDetailViewModelTests.swift in Sources */,
				407A6B3928D77CC300E723FD /* RickAndMortyRemoteAPIAdapterTests.swift in Sources */,
				401DE39228D5F781005223FA /* RickAndMortyAPITransportTests.swift in Sources */,
				407A6B0D28D628DC00E723FD /* MockURLProtocol.swift in Sources */,
				407A6B0F28D6423600E723FD /* String+.swift in Sources */,
				407A6B8B28D8D38200E723FD /* MockRickAndMortyRemoteRepository.swift in Sources */,
				407A6B8728D8CC4E00E723FD /* CharacterListViewModelTests.swift in Sources */,
				407A6B0B28D60A6500E723FD /* TimeoutTask.swift in Sources */,
				407A6B8928D8CE0900E723FD /* MockRickAndMortyRemoteAPI.swift in Sources */,
				407A6B8D28D8D99500E723FD /* CharacterCellViewModelTests.swift in Sources */,
				407A6B3B28D78C7F00E723FD /* RickAndMortyRemoteAPIRepositoryTests.swift in Sources */,
			);
			runOnlyForDeploymentPostprocessing = 0;
		};
/* End PBXSourcesBuildPhase section */

/* Begin PBXTargetDependency section */
		401DE39428D5F781005223FA /* PBXTargetDependency */ = {
			isa = PBXTargetDependency;
			target = 401DE35428D50BC4005223FA /* RickAndMorty */;
			targetProxy = 401DE39328D5F781005223FA /* PBXContainerItemProxy */;
		};
/* End PBXTargetDependency section */

/* Begin XCBuildConfiguration section */
		401DE36128D50BC7005223FA /* Debug */ = {
			isa = XCBuildConfiguration;
			buildSettings = {
				ALWAYS_SEARCH_USER_PATHS = NO;
				CLANG_ANALYZER_NONNULL = YES;
				CLANG_ANALYZER_NUMBER_OBJECT_CONVERSION = YES_AGGRESSIVE;
				CLANG_CXX_LANGUAGE_STANDARD = "gnu++17";
				CLANG_ENABLE_MODULES = YES;
				CLANG_ENABLE_OBJC_ARC = YES;
				CLANG_ENABLE_OBJC_WEAK = YES;
				CLANG_WARN_BLOCK_CAPTURE_AUTORELEASING = YES;
				CLANG_WARN_BOOL_CONVERSION = YES;
				CLANG_WARN_COMMA = YES;
				CLANG_WARN_CONSTANT_CONVERSION = YES;
				CLANG_WARN_DEPRECATED_OBJC_IMPLEMENTATIONS = YES;
				CLANG_WARN_DIRECT_OBJC_ISA_USAGE = YES_ERROR;
				CLANG_WARN_DOCUMENTATION_COMMENTS = YES;
				CLANG_WARN_EMPTY_BODY = YES;
				CLANG_WARN_ENUM_CONVERSION = YES;
				CLANG_WARN_INFINITE_RECURSION = YES;
				CLANG_WARN_INT_CONVERSION = YES;
				CLANG_WARN_NON_LITERAL_NULL_CONVERSION = YES;
				CLANG_WARN_OBJC_IMPLICIT_RETAIN_SELF = YES;
				CLANG_WARN_OBJC_LITERAL_CONVERSION = YES;
				CLANG_WARN_OBJC_ROOT_CLASS = YES_ERROR;
				CLANG_WARN_QUOTED_INCLUDE_IN_FRAMEWORK_HEADER = YES;
				CLANG_WARN_RANGE_LOOP_ANALYSIS = YES;
				CLANG_WARN_STRICT_PROTOTYPES = YES;
				CLANG_WARN_SUSPICIOUS_MOVE = YES;
				CLANG_WARN_UNGUARDED_AVAILABILITY = YES_AGGRESSIVE;
				CLANG_WARN_UNREACHABLE_CODE = YES;
				CLANG_WARN__DUPLICATE_METHOD_MATCH = YES;
				COPY_PHASE_STRIP = NO;
				DEBUG_INFORMATION_FORMAT = dwarf;
				ENABLE_STRICT_OBJC_MSGSEND = YES;
				ENABLE_TESTABILITY = YES;
				GCC_C_LANGUAGE_STANDARD = gnu11;
				GCC_DYNAMIC_NO_PIC = NO;
				GCC_NO_COMMON_BLOCKS = YES;
				GCC_OPTIMIZATION_LEVEL = 0;
				GCC_PREPROCESSOR_DEFINITIONS = (
					"DEBUG=1",
					"$(inherited)",
				);
				GCC_WARN_64_TO_32_BIT_CONVERSION = YES;
				GCC_WARN_ABOUT_RETURN_TYPE = YES_ERROR;
				GCC_WARN_UNDECLARED_SELECTOR = YES;
				GCC_WARN_UNINITIALIZED_AUTOS = YES_AGGRESSIVE;
				GCC_WARN_UNUSED_FUNCTION = YES;
				GCC_WARN_UNUSED_VARIABLE = YES;
				IPHONEOS_DEPLOYMENT_TARGET = 15.5;
				MTL_ENABLE_DEBUG_INFO = INCLUDE_SOURCE;
				MTL_FAST_MATH = YES;
				ONLY_ACTIVE_ARCH = YES;
				SDKROOT = iphoneos;
				SWIFT_ACTIVE_COMPILATION_CONDITIONS = DEBUG;
				SWIFT_OPTIMIZATION_LEVEL = "-Onone";
			};
			name = Debug;
		};
		401DE36228D50BC7005223FA /* Release */ = {
			isa = XCBuildConfiguration;
			buildSettings = {
				ALWAYS_SEARCH_USER_PATHS = NO;
				CLANG_ANALYZER_NONNULL = YES;
				CLANG_ANALYZER_NUMBER_OBJECT_CONVERSION = YES_AGGRESSIVE;
				CLANG_CXX_LANGUAGE_STANDARD = "gnu++17";
				CLANG_ENABLE_MODULES = YES;
				CLANG_ENABLE_OBJC_ARC = YES;
				CLANG_ENABLE_OBJC_WEAK = YES;
				CLANG_WARN_BLOCK_CAPTURE_AUTORELEASING = YES;
				CLANG_WARN_BOOL_CONVERSION = YES;
				CLANG_WARN_COMMA = YES;
				CLANG_WARN_CONSTANT_CONVERSION = YES;
				CLANG_WARN_DEPRECATED_OBJC_IMPLEMENTATIONS = YES;
				CLANG_WARN_DIRECT_OBJC_ISA_USAGE = YES_ERROR;
				CLANG_WARN_DOCUMENTATION_COMMENTS = YES;
				CLANG_WARN_EMPTY_BODY = YES;
				CLANG_WARN_ENUM_CONVERSION = YES;
				CLANG_WARN_INFINITE_RECURSION = YES;
				CLANG_WARN_INT_CONVERSION = YES;
				CLANG_WARN_NON_LITERAL_NULL_CONVERSION = YES;
				CLANG_WARN_OBJC_IMPLICIT_RETAIN_SELF = YES;
				CLANG_WARN_OBJC_LITERAL_CONVERSION = YES;
				CLANG_WARN_OBJC_ROOT_CLASS = YES_ERROR;
				CLANG_WARN_QUOTED_INCLUDE_IN_FRAMEWORK_HEADER = YES;
				CLANG_WARN_RANGE_LOOP_ANALYSIS = YES;
				CLANG_WARN_STRICT_PROTOTYPES = YES;
				CLANG_WARN_SUSPICIOUS_MOVE = YES;
				CLANG_WARN_UNGUARDED_AVAILABILITY = YES_AGGRESSIVE;
				CLANG_WARN_UNREACHABLE_CODE = YES;
				CLANG_WARN__DUPLICATE_METHOD_MATCH = YES;
				COPY_PHASE_STRIP = NO;
				DEBUG_INFORMATION_FORMAT = "dwarf-with-dsym";
				ENABLE_NS_ASSERTIONS = NO;
				ENABLE_STRICT_OBJC_MSGSEND = YES;
				GCC_C_LANGUAGE_STANDARD = gnu11;
				GCC_NO_COMMON_BLOCKS = YES;
				GCC_WARN_64_TO_32_BIT_CONVERSION = YES;
				GCC_WARN_ABOUT_RETURN_TYPE = YES_ERROR;
				GCC_WARN_UNDECLARED_SELECTOR = YES;
				GCC_WARN_UNINITIALIZED_AUTOS = YES_AGGRESSIVE;
				GCC_WARN_UNUSED_FUNCTION = YES;
				GCC_WARN_UNUSED_VARIABLE = YES;
				IPHONEOS_DEPLOYMENT_TARGET = 15.5;
				MTL_ENABLE_DEBUG_INFO = NO;
				MTL_FAST_MATH = YES;
				SDKROOT = iphoneos;
				SWIFT_COMPILATION_MODE = wholemodule;
				SWIFT_OPTIMIZATION_LEVEL = "-O";
				VALIDATE_PRODUCT = YES;
			};
			name = Release;
		};
		401DE36428D50BC7005223FA /* Debug */ = {
			isa = XCBuildConfiguration;
			buildSettings = {
				ASSETCATALOG_COMPILER_APPICON_NAME = AppIcon;
				ASSETCATALOG_COMPILER_GLOBAL_ACCENT_COLOR_NAME = AccentColor;
				CODE_SIGN_STYLE = Automatic;
				CURRENT_PROJECT_VERSION = 1;
				DEVELOPMENT_ASSET_PATHS = "\"RickAndMorty/Resources/Preview Content\"";
				DEVELOPMENT_TEAM = PE3M477MG2;
				ENABLE_PREVIEWS = YES;
				GENERATE_INFOPLIST_FILE = YES;
				INFOPLIST_KEY_UIApplicationSceneManifest_Generation = YES;
				INFOPLIST_KEY_UIApplicationSupportsIndirectInputEvents = YES;
				INFOPLIST_KEY_UILaunchScreen_Generation = YES;
				INFOPLIST_KEY_UISupportedInterfaceOrientations_iPad = "UIInterfaceOrientationPortrait UIInterfaceOrientationPortraitUpsideDown UIInterfaceOrientationLandscapeLeft UIInterfaceOrientationLandscapeRight";
				INFOPLIST_KEY_UISupportedInterfaceOrientations_iPhone = "UIInterfaceOrientationPortrait UIInterfaceOrientationLandscapeLeft UIInterfaceOrientationLandscapeRight";
				LD_RUNPATH_SEARCH_PATHS = (
					"$(inherited)",
					"@executable_path/Frameworks",
				);
				MARKETING_VERSION = 1.0;
				PRODUCT_BUNDLE_IDENTIFIER = com.irizen.RickAndMorty;
				PRODUCT_NAME = "$(TARGET_NAME)";
				SWIFT_EMIT_LOC_STRINGS = YES;
				SWIFT_VERSION = 5.0;
				TARGETED_DEVICE_FAMILY = "1,2";
			};
			name = Debug;
		};
		401DE36528D50BC7005223FA /* Release */ = {
			isa = XCBuildConfiguration;
			buildSettings = {
				ASSETCATALOG_COMPILER_APPICON_NAME = AppIcon;
				ASSETCATALOG_COMPILER_GLOBAL_ACCENT_COLOR_NAME = AccentColor;
				CODE_SIGN_STYLE = Automatic;
				CURRENT_PROJECT_VERSION = 1;
				DEVELOPMENT_ASSET_PATHS = "\"RickAndMorty/Resources/Preview Content\"";
				DEVELOPMENT_TEAM = PE3M477MG2;
				ENABLE_PREVIEWS = YES;
				GENERATE_INFOPLIST_FILE = YES;
				INFOPLIST_KEY_UIApplicationSceneManifest_Generation = YES;
				INFOPLIST_KEY_UIApplicationSupportsIndirectInputEvents = YES;
				INFOPLIST_KEY_UILaunchScreen_Generation = YES;
				INFOPLIST_KEY_UISupportedInterfaceOrientations_iPad = "UIInterfaceOrientationPortrait UIInterfaceOrientationPortraitUpsideDown UIInterfaceOrientationLandscapeLeft UIInterfaceOrientationLandscapeRight";
				INFOPLIST_KEY_UISupportedInterfaceOrientations_iPhone = "UIInterfaceOrientationPortrait UIInterfaceOrientationLandscapeLeft UIInterfaceOrientationLandscapeRight";
				LD_RUNPATH_SEARCH_PATHS = (
					"$(inherited)",
					"@executable_path/Frameworks",
				);
				MARKETING_VERSION = 1.0;
				PRODUCT_BUNDLE_IDENTIFIER = com.irizen.RickAndMorty;
				PRODUCT_NAME = "$(TARGET_NAME)";
				SWIFT_EMIT_LOC_STRINGS = YES;
				SWIFT_VERSION = 5.0;
				TARGETED_DEVICE_FAMILY = "1,2";
			};
			name = Release;
		};
		401DE39628D5F781005223FA /* Debug */ = {
			isa = XCBuildConfiguration;
			buildSettings = {
				BUNDLE_LOADER = "$(TEST_HOST)";
				CODE_SIGN_STYLE = Automatic;
				CURRENT_PROJECT_VERSION = 1;
				DEVELOPMENT_TEAM = PE3M477MG2;
				GENERATE_INFOPLIST_FILE = YES;
				MARKETING_VERSION = 1.0;
				PRODUCT_BUNDLE_IDENTIFIER = com.irizen.RickAndMortyTests;
				PRODUCT_NAME = "$(TARGET_NAME)";
				SWIFT_EMIT_LOC_STRINGS = NO;
				SWIFT_VERSION = 5.0;
				TARGETED_DEVICE_FAMILY = "1,2";
				TEST_HOST = "$(BUILT_PRODUCTS_DIR)/RickAndMorty.app/RickAndMorty";
			};
			name = Debug;
		};
		401DE39728D5F781005223FA /* Release */ = {
			isa = XCBuildConfiguration;
			buildSettings = {
				BUNDLE_LOADER = "$(TEST_HOST)";
				CODE_SIGN_STYLE = Automatic;
				CURRENT_PROJECT_VERSION = 1;
				DEVELOPMENT_TEAM = PE3M477MG2;
				GENERATE_INFOPLIST_FILE = YES;
				MARKETING_VERSION = 1.0;
				PRODUCT_BUNDLE_IDENTIFIER = com.irizen.RickAndMortyTests;
				PRODUCT_NAME = "$(TARGET_NAME)";
				SWIFT_EMIT_LOC_STRINGS = NO;
				SWIFT_VERSION = 5.0;
				TARGETED_DEVICE_FAMILY = "1,2";
				TEST_HOST = "$(BUILT_PRODUCTS_DIR)/RickAndMorty.app/RickAndMorty";
			};
			name = Release;
		};
/* End XCBuildConfiguration section */

/* Begin XCConfigurationList section */
		401DE35028D50BC4005223FA /* Build configuration list for PBXProject "RickAndMorty" */ = {
			isa = XCConfigurationList;
			buildConfigurations = (
				401DE36128D50BC7005223FA /* Debug */,
				401DE36228D50BC7005223FA /* Release */,
			);
			defaultConfigurationIsVisible = 0;
			defaultConfigurationName = Release;
		};
		401DE36328D50BC7005223FA /* Build configuration list for PBXNativeTarget "RickAndMorty" */ = {
			isa = XCConfigurationList;
			buildConfigurations = (
				401DE36428D50BC7005223FA /* Debug */,
				401DE36528D50BC7005223FA /* Release */,
			);
			defaultConfigurationIsVisible = 0;
			defaultConfigurationName = Release;
		};
		401DE39528D5F781005223FA /* Build configuration list for PBXNativeTarget "RickAndMortyTests" */ = {
			isa = XCConfigurationList;
			buildConfigurations = (
				401DE39628D5F781005223FA /* Debug */,
				401DE39728D5F781005223FA /* Release */,
			);
			defaultConfigurationIsVisible = 0;
			defaultConfigurationName = Release;
		};
/* End XCConfigurationList section */
	};
	rootObject = 401DE34D28D50BC4005223FA /* Project object */;
}
